PODS:
  - Alamofire (4.8.1)
  - Emojimap (0.1.3)
  - JGProgressHUD (2.0.3)
  - SwiftyJSON (4.2.0)

DEPENDENCIES:
  - Alamofire (~> 4.8.1)
  - Emojimap
  - JGProgressHUD
  - SwiftyJSON (~> 4.0)

SPEC REPOS:
  https://github.com/cocoapods/specs.git:
    - Alamofire
    - Emojimap
    - JGProgressHUD
    - SwiftyJSON

SPEC CHECKSUMS:
  Alamofire: 16ce2c353fb72865124ddae8a57c5942388f4f11
  Emojimap: 18b89be727fe5e718272026b140622a7d5ed099d
  JGProgressHUD: 12b20a8f4ffe05258f8635c1ab92816e451f904d
  SwiftyJSON: c4bcba26dd9ec7a027fc8eade48e2c911f229e96

PODFILE CHECKSUM: ff06ebfaaa6bc4631440a96d477c15490fc0b3f6

COCOAPODS: 1.6.1
